// !$*UTF8*$!
{
	archiveVersion = 1;
	classes = {
	};
	objectVersion = 50;
	objects = {

/* Begin PBXBuildFile section */
		06B8EB8E223919D60095DF83 /* AppDelegate.swift in Sources */ = {isa = PBXBuildFile; fileRef = 06B8EB8D223919D60095DF83 /* AppDelegate.swift */; };
		06B8EB90223919D60095DF83 /* ViewController.swift in Sources */ = {isa = PBXBuildFile; fileRef = 06B8EB8F223919D60095DF83 /* ViewController.swift */; };
		06B8EB93223919D70095DF83 /* Main.storyboard in Resources */ = {isa = PBXBuildFile; fileRef = 06B8EB91223919D70095DF83 /* Main.storyboard */; };
		06B8EB95223919D80095DF83 /* Assets.xcassets in Resources */ = {isa = PBXBuildFile; fileRef = 06B8EB94223919D80095DF83 /* Assets.xcassets */; };
		06B8EB98223919D80095DF83 /* LaunchScreen.storyboard in Resources */ = {isa = PBXBuildFile; fileRef = 06B8EB96223919D80095DF83 /* LaunchScreen.storyboard */; };
		06B8EBA3223919D80095DF83 /* currency_appTests.swift in Sources */ = {isa = PBXBuildFile; fileRef = 06B8EBA2223919D80095DF83 /* currency_appTests.swift */; };
		06B8EBAE223919D80095DF83 /* currency_appUITests.swift in Sources */ = {isa = PBXBuildFile; fileRef = 06B8EBAD223919D80095DF83 /* currency_appUITests.swift */; };
		06F6A2EB224B9A02006D390D /* keys.plist in Resources */ = {isa = PBXBuildFile; fileRef = 06F6A2EA224B9A02006D390D /* keys.plist */; };
		4A0CB8032282D33E0001C1FD /* Validator.swift in Sources */ = {isa = PBXBuildFile; fileRef = 4A0CB8022282D33E0001C1FD /* Validator.swift */; };
		4A68B491223A95160034FF3F /* iOSDropDown.swift in Frameworks */ = {isa = PBXBuildFile; fileRef = 4A68B490223A95160034FF3F /* iOSDropDown.swift */; };
		4A68B493223A9C160034FF3F /* iOSDropDown.framework in Frameworks */ = {isa = PBXBuildFile; fileRef = 4A68B492223A9C160034FF3F /* iOSDropDown.framework */; };
		4E0E4254C5ABA0CF7FFFEF8E /* Pods_currency_app.framework in Frameworks */ = {isa = PBXBuildFile; fileRef = 717AD64D41BB244524B585C1 /* Pods_currency_app.framework */; };
		9125AA8ABB57905D2B8917DB /* Pods_currency_appUITests.framework in Frameworks */ = {isa = PBXBuildFile; fileRef = 4FAFC64FEB6492DAE5F1540A /* Pods_currency_appUITests.framework */; };
		B1536F219DA09992773C08F7 /* Pods_currency_appTests.framework in Frameworks */ = {isa = PBXBuildFile; fileRef = B5B5492E3B104AA2D50F41E6 /* Pods_currency_appTests.framework */; };
		B25725D7225635A70048D5E3 /* SwiftyJSON.framework in Frameworks */ = {isa = PBXBuildFile; fileRef = B25725D6225635A70048D5E3 /* SwiftyJSON.framework */; };
		B2F282912254D0A60097BC43 /* Currency.swift in Sources */ = {isa = PBXBuildFile; fileRef = B2F282902254D0A60097BC43 /* Currency.swift */; };
/* End PBXBuildFile section */

/* Begin PBXContainerItemProxy section */
		06B8EB9F223919D80095DF83 /* PBXContainerItemProxy */ = {
			isa = PBXContainerItemProxy;
			containerPortal = 06B8EB82223919D60095DF83 /* Project object */;
			proxyType = 1;
			remoteGlobalIDString = 06B8EB89223919D60095DF83;
			remoteInfo = "currency-app";
		};
		06B8EBAA223919D80095DF83 /* PBXContainerItemProxy */ = {
			isa = PBXContainerItemProxy;
			containerPortal = 06B8EB82223919D60095DF83 /* Project object */;
			proxyType = 1;
			remoteGlobalIDString = 06B8EB89223919D60095DF83;
			remoteInfo = "currency-app";
		};
/* End PBXContainerItemProxy section */

/* Begin PBXFileReference section */
		06B8EB8A223919D60095DF83 /* currency-app.app */ = {isa = PBXFileReference; explicitFileType = wrapper.application; includeInIndex = 0; path = "currency-app.app"; sourceTree = BUILT_PRODUCTS_DIR; };
		06B8EB8D223919D60095DF83 /* AppDelegate.swift */ = {isa = PBXFileReference; lastKnownFileType = sourcecode.swift; path = AppDelegate.swift; sourceTree = "<group>"; };
		06B8EB8F223919D60095DF83 /* ViewController.swift */ = {isa = PBXFileReference; lastKnownFileType = sourcecode.swift; path = ViewController.swift; sourceTree = "<group>"; };
		06B8EB92223919D70095DF83 /* Base */ = {isa = PBXFileReference; lastKnownFileType = file.storyboard; name = Base; path = Base.lproj/Main.storyboard; sourceTree = "<group>"; };
		06B8EB94223919D80095DF83 /* Assets.xcassets */ = {isa = PBXFileReference; lastKnownFileType = folder.assetcatalog; path = Assets.xcassets; sourceTree = "<group>"; };
		06B8EB97223919D80095DF83 /* Base */ = {isa = PBXFileReference; lastKnownFileType = file.storyboard; name = Base; path = Base.lproj/LaunchScreen.storyboard; sourceTree = "<group>"; };
		06B8EB99223919D80095DF83 /* Info.plist */ = {isa = PBXFileReference; lastKnownFileType = text.plist.xml; path = Info.plist; sourceTree = "<group>"; };
		06B8EB9E223919D80095DF83 /* currency-appTests.xctest */ = {isa = PBXFileReference; explicitFileType = wrapper.cfbundle; includeInIndex = 0; path = "currency-appTests.xctest"; sourceTree = BUILT_PRODUCTS_DIR; };
		06B8EBA2223919D80095DF83 /* currency_appTests.swift */ = {isa = PBXFileReference; lastKnownFileType = sourcecode.swift; path = currency_appTests.swift; sourceTree = "<group>"; };
		06B8EBA4223919D80095DF83 /* Info.plist */ = {isa = PBXFileReference; lastKnownFileType = text.plist.xml; path = Info.plist; sourceTree = "<group>"; };
		06B8EBA9223919D80095DF83 /* currency-appUITests.xctest */ = {isa = PBXFileReference; explicitFileType = wrapper.cfbundle; includeInIndex = 0; path = "currency-appUITests.xctest"; sourceTree = BUILT_PRODUCTS_DIR; };
		06B8EBAD223919D80095DF83 /* currency_appUITests.swift */ = {isa = PBXFileReference; lastKnownFileType = sourcecode.swift; path = currency_appUITests.swift; sourceTree = "<group>"; };
		06B8EBAF223919D80095DF83 /* Info.plist */ = {isa = PBXFileReference; lastKnownFileType = text.plist.xml; path = Info.plist; sourceTree = "<group>"; };
		06F6A2EA224B9A02006D390D /* keys.plist */ = {isa = PBXFileReference; lastKnownFileType = text.plist.xml; path = keys.plist; sourceTree = "<group>"; };
		3526F1BAF366E950AF632E0B /* Pods-currency-appTests.release.xcconfig */ = {isa = PBXFileReference; includeInIndex = 1; lastKnownFileType = text.xcconfig; name = "Pods-currency-appTests.release.xcconfig"; path = "Target Support Files/Pods-currency-appTests/Pods-currency-appTests.release.xcconfig"; sourceTree = "<group>"; };
		432B1B7D422DECAE2172F244 /* Pods-currency-appUITests.debug.xcconfig */ = {isa = PBXFileReference; includeInIndex = 1; lastKnownFileType = text.xcconfig; name = "Pods-currency-appUITests.debug.xcconfig"; path = "Target Support Files/Pods-currency-appUITests/Pods-currency-appUITests.debug.xcconfig"; sourceTree = "<group>"; };
		499AAF74B646226DE7B24F33 /* Pods-currency-appTests.debug.xcconfig */ = {isa = PBXFileReference; includeInIndex = 1; lastKnownFileType = text.xcconfig; name = "Pods-currency-appTests.debug.xcconfig"; path = "Target Support Files/Pods-currency-appTests/Pods-currency-appTests.debug.xcconfig"; sourceTree = "<group>"; };
		4A0CB8022282D33E0001C1FD /* Validator.swift */ = {isa = PBXFileReference; lastKnownFileType = sourcecode.swift; path = Validator.swift; sourceTree = "<group>"; };
		4A68B488223A91CB0034FF3F /* currency-app */ = {isa = PBXFileReference; lastKnownFileType = folder; path = "currency-app"; sourceTree = "<group>"; };
		4A68B48A223A92230034FF3F /* Pods */ = {isa = PBXFileReference; lastKnownFileType = folder; path = Pods; sourceTree = "<group>"; };
		4A68B48C223A93490034FF3F /* InterfaceBuilderKit.framework */ = {isa = PBXFileReference; lastKnownFileType = wrapper.framework; name = InterfaceBuilderKit.framework; path = Library/Frameworks/InterfaceBuilderKit.framework; sourceTree = DEVELOPER_DIR; };
		4A68B48E223A94A50034FF3F /* iOSDropDown */ = {isa = PBXFileReference; lastKnownFileType = folder; name = iOSDropDown; path = Pods/iOSDropDown; sourceTree = "<group>"; };
		4A68B490223A95160034FF3F /* iOSDropDown.swift */ = {isa = PBXFileReference; lastKnownFileType = sourcecode.swift; name = iOSDropDown.swift; path = Pods/iOSDropDown/iOSDropDown/Classes/iOSDropDown.swift; sourceTree = "<group>"; };
		4A68B492223A9C160034FF3F /* iOSDropDown.framework */ = {isa = PBXFileReference; explicitFileType = wrapper.framework; path = iOSDropDown.framework; sourceTree = BUILT_PRODUCTS_DIR; };
		4FAFC64FEB6492DAE5F1540A /* Pods_currency_appUITests.framework */ = {isa = PBXFileReference; explicitFileType = wrapper.framework; includeInIndex = 0; path = Pods_currency_appUITests.framework; sourceTree = BUILT_PRODUCTS_DIR; };
		717AD64D41BB244524B585C1 /* Pods_currency_app.framework */ = {isa = PBXFileReference; explicitFileType = wrapper.framework; includeInIndex = 0; path = Pods_currency_app.framework; sourceTree = BUILT_PRODUCTS_DIR; };
		745931DAC19E67B3D1052F5B /* Pods-currency-app.release.xcconfig */ = {isa = PBXFileReference; includeInIndex = 1; lastKnownFileType = text.xcconfig; name = "Pods-currency-app.release.xcconfig"; path = "Target Support Files/Pods-currency-app/Pods-currency-app.release.xcconfig"; sourceTree = "<group>"; };
		944400D93D6D275848C73E3A /* Pods-currency-appUITests.release.xcconfig */ = {isa = PBXFileReference; includeInIndex = 1; lastKnownFileType = text.xcconfig; name = "Pods-currency-appUITests.release.xcconfig"; path = "Target Support Files/Pods-currency-appUITests/Pods-currency-appUITests.release.xcconfig"; sourceTree = "<group>"; };
		B25725D6225635A70048D5E3 /* SwiftyJSON.framework */ = {isa = PBXFileReference; explicitFileType = wrapper.framework; path = SwiftyJSON.framework; sourceTree = BUILT_PRODUCTS_DIR; };
		B2F282902254D0A60097BC43 /* Currency.swift */ = {isa = PBXFileReference; lastKnownFileType = sourcecode.swift; path = Currency.swift; sourceTree = "<group>"; };
		B5B5492E3B104AA2D50F41E6 /* Pods_currency_appTests.framework */ = {isa = PBXFileReference; explicitFileType = wrapper.framework; includeInIndex = 0; path = Pods_currency_appTests.framework; sourceTree = BUILT_PRODUCTS_DIR; };
		D1309BF639E20B3C696D6DC9 /* Pods-currency-app.debug.xcconfig */ = {isa = PBXFileReference; includeInIndex = 1; lastKnownFileType = text.xcconfig; name = "Pods-currency-app.debug.xcconfig"; path = "Target Support Files/Pods-currency-app/Pods-currency-app.debug.xcconfig"; sourceTree = "<group>"; };
/* End PBXFileReference section */

/* Begin PBXFrameworksBuildPhase section */
		06B8EB87223919D60095DF83 /* Frameworks */ = {
			isa = PBXFrameworksBuildPhase;
			buildActionMask = 2147483647;
			files = (
				B25725D7225635A70048D5E3 /* SwiftyJSON.framework in Frameworks */,
				4A68B493223A9C160034FF3F /* iOSDropDown.framework in Frameworks */,
				4A68B491223A95160034FF3F /* iOSDropDown.swift in Frameworks */,
				4E0E4254C5ABA0CF7FFFEF8E /* Pods_currency_app.framework in Frameworks */,
			);
			runOnlyForDeploymentPostprocessing = 0;
		};
		06B8EB9B223919D80095DF83 /* Frameworks */ = {
			isa = PBXFrameworksBuildPhase;
			buildActionMask = 2147483647;
			files = (
				B1536F219DA09992773C08F7 /* Pods_currency_appTests.framework in Frameworks */,
			);
			runOnlyForDeploymentPostprocessing = 0;
		};
		06B8EBA6223919D80095DF83 /* Frameworks */ = {
			isa = PBXFrameworksBuildPhase;
			buildActionMask = 2147483647;
			files = (
				9125AA8ABB57905D2B8917DB /* Pods_currency_appUITests.framework in Frameworks */,
			);
			runOnlyForDeploymentPostprocessing = 0;
		};
/* End PBXFrameworksBuildPhase section */

/* Begin PBXGroup section */
		06B8EB81223919D60095DF83 = {
			isa = PBXGroup;
			children = (
				06B8EB8C223919D60095DF83 /* currency-app */,
				06B8EBA1223919D80095DF83 /* currency-appTests */,
				06B8EBAC223919D80095DF83 /* currency-appUITests */,
				06B8EB8B223919D60095DF83 /* Products */,
				1F6B53F61342927A6AEB01C2 /* Pods */,
				F1B9596F5BDDBD053EF3B0B3 /* Frameworks */,
			);
			sourceTree = "<group>";
		};
		06B8EB8B223919D60095DF83 /* Products */ = {
			isa = PBXGroup;
			children = (
				06B8EB8A223919D60095DF83 /* currency-app.app */,
				06B8EB9E223919D80095DF83 /* currency-appTests.xctest */,
				06B8EBA9223919D80095DF83 /* currency-appUITests.xctest */,
			);
			name = Products;
			sourceTree = "<group>";
		};
		06B8EB8C223919D60095DF83 /* currency-app */ = {
			isa = PBXGroup;
			children = (
				4A0CB8022282D33E0001C1FD /* Validator.swift */,
				06B8EB8D223919D60095DF83 /* AppDelegate.swift */,
				06B8EB8F223919D60095DF83 /* ViewController.swift */,
				06B8EB91223919D70095DF83 /* Main.storyboard */,
				06B8EB94223919D80095DF83 /* Assets.xcassets */,
				06B8EB96223919D80095DF83 /* LaunchScreen.storyboard */,
				06B8EB99223919D80095DF83 /* Info.plist */,
				06F6A2EA224B9A02006D390D /* keys.plist */,
				B2F282902254D0A60097BC43 /* Currency.swift */,
			);
			path = "currency-app";
			sourceTree = "<group>";
		};
		06B8EBA1223919D80095DF83 /* currency-appTests */ = {
			isa = PBXGroup;
			children = (
				06B8EBA2223919D80095DF83 /* currency_appTests.swift */,
				06B8EBA4223919D80095DF83 /* Info.plist */,
			);
			path = "currency-appTests";
			sourceTree = "<group>";
		};
		06B8EBAC223919D80095DF83 /* currency-appUITests */ = {
			isa = PBXGroup;
			children = (
				06B8EBAD223919D80095DF83 /* currency_appUITests.swift */,
				06B8EBAF223919D80095DF83 /* Info.plist */,
			);
			path = "currency-appUITests";
			sourceTree = "<group>";
		};
		1F6B53F61342927A6AEB01C2 /* Pods */ = {
			isa = PBXGroup;
			children = (
				D1309BF639E20B3C696D6DC9 /* Pods-currency-app.debug.xcconfig */,
				745931DAC19E67B3D1052F5B /* Pods-currency-app.release.xcconfig */,
				499AAF74B646226DE7B24F33 /* Pods-currency-appTests.debug.xcconfig */,
				3526F1BAF366E950AF632E0B /* Pods-currency-appTests.release.xcconfig */,
				432B1B7D422DECAE2172F244 /* Pods-currency-appUITests.debug.xcconfig */,
				944400D93D6D275848C73E3A /* Pods-currency-appUITests.release.xcconfig */,
			);
			path = Pods;
			sourceTree = "<group>";
		};
		F1B9596F5BDDBD053EF3B0B3 /* Frameworks */ = {
			isa = PBXGroup;
			children = (
				B25725D6225635A70048D5E3 /* SwiftyJSON.framework */,
				4A68B492223A9C160034FF3F /* iOSDropDown.framework */,
				4A68B490223A95160034FF3F /* iOSDropDown.swift */,
				4A68B48E223A94A50034FF3F /* iOSDropDown */,
				4A68B48C223A93490034FF3F /* InterfaceBuilderKit.framework */,
				4A68B48A223A92230034FF3F /* Pods */,
				4A68B488223A91CB0034FF3F /* currency-app */,
				717AD64D41BB244524B585C1 /* Pods_currency_app.framework */,
				B5B5492E3B104AA2D50F41E6 /* Pods_currency_appTests.framework */,
				4FAFC64FEB6492DAE5F1540A /* Pods_currency_appUITests.framework */,
			);
			name = Frameworks;
			sourceTree = "<group>";
		};
/* End PBXGroup section */

/* Begin PBXNativeTarget section */
		06B8EB89223919D60095DF83 /* currency-app */ = {
			isa = PBXNativeTarget;
			buildConfigurationList = 06B8EBB2223919D80095DF83 /* Build configuration list for PBXNativeTarget "currency-app" */;
			buildPhases = (
				9E77FA2AB9A1C1563DE9293A /* [CP] Check Pods Manifest.lock */,
				06B8EB86223919D60095DF83 /* Sources */,
				06B8EB87223919D60095DF83 /* Frameworks */,
				06B8EB88223919D60095DF83 /* Resources */,
				7F4794DA4B5BF86C91A4F97D /* [CP] Embed Pods Frameworks */,
			);
			buildRules = (
			);
			dependencies = (
			);
			name = "currency-app";
			productName = "currency-app";
			productReference = 06B8EB8A223919D60095DF83 /* currency-app.app */;
			productType = "com.apple.product-type.application";
		};
		06B8EB9D223919D80095DF83 /* currency-appTests */ = {
			isa = PBXNativeTarget;
			buildConfigurationList = 06B8EBB5223919D80095DF83 /* Build configuration list for PBXNativeTarget "currency-appTests" */;
			buildPhases = (
				8BE7349995F18CF10A3B8F34 /* [CP] Check Pods Manifest.lock */,
				06B8EB9A223919D80095DF83 /* Sources */,
				06B8EB9B223919D80095DF83 /* Frameworks */,
				06B8EB9C223919D80095DF83 /* Resources */,
			);
			buildRules = (
			);
			dependencies = (
				06B8EBA0223919D80095DF83 /* PBXTargetDependency */,
			);
			name = "currency-appTests";
			productName = "currency-appTests";
			productReference = 06B8EB9E223919D80095DF83 /* currency-appTests.xctest */;
			productType = "com.apple.product-type.bundle.unit-test";
		};
		06B8EBA8223919D80095DF83 /* currency-appUITests */ = {
			isa = PBXNativeTarget;
			buildConfigurationList = 06B8EBB8223919D80095DF83 /* Build configuration list for PBXNativeTarget "currency-appUITests" */;
			buildPhases = (
				4771592B1FD9FE7A07C5B3A9 /* [CP] Check Pods Manifest.lock */,
				06B8EBA5223919D80095DF83 /* Sources */,
				06B8EBA6223919D80095DF83 /* Frameworks */,
				06B8EBA7223919D80095DF83 /* Resources */,
			);
			buildRules = (
			);
			dependencies = (
				06B8EBAB223919D80095DF83 /* PBXTargetDependency */,
			);
			name = "currency-appUITests";
			productName = "currency-appUITests";
			productReference = 06B8EBA9223919D80095DF83 /* currency-appUITests.xctest */;
			productType = "com.apple.product-type.bundle.ui-testing";
		};
/* End PBXNativeTarget section */

/* Begin PBXProject section */
		06B8EB82223919D60095DF83 /* Project object */ = {
			isa = PBXProject;
			attributes = {
				LastSwiftUpdateCheck = 1000;
				LastUpgradeCheck = 1000;
				ORGANIZATIONNAME = RMS2018;
				TargetAttributes = {
					06B8EB89223919D60095DF83 = {
						CreatedOnToolsVersion = 10.0;
					};
					06B8EB9D223919D80095DF83 = {
						CreatedOnToolsVersion = 10.0;
						TestTargetID = 06B8EB89223919D60095DF83;
					};
					06B8EBA8223919D80095DF83 = {
						CreatedOnToolsVersion = 10.0;
						TestTargetID = 06B8EB89223919D60095DF83;
					};
				};
			};
			buildConfigurationList = 06B8EB85223919D60095DF83 /* Build configuration list for PBXProject "currency-app" */;
			compatibilityVersion = "Xcode 9.3";
			developmentRegion = en;
			hasScannedForEncodings = 0;
			knownRegions = (
				en,
				Base,
			);
			mainGroup = 06B8EB81223919D60095DF83;
			productRefGroup = 06B8EB8B223919D60095DF83 /* Products */;
			projectDirPath = "";
			projectRoot = "";
			targets = (
				06B8EB89223919D60095DF83 /* currency-app */,
				06B8EB9D223919D80095DF83 /* currency-appTests */,
				06B8EBA8223919D80095DF83 /* currency-appUITests */,
			);
		};
/* End PBXProject section */

/* Begin PBXResourcesBuildPhase section */
		06B8EB88223919D60095DF83 /* Resources */ = {
			isa = PBXResourcesBuildPhase;
			buildActionMask = 2147483647;
			files = (
				06F6A2EB224B9A02006D390D /* keys.plist in Resources */,
				06B8EB98223919D80095DF83 /* LaunchScreen.storyboard in Resources */,
				06B8EB95223919D80095DF83 /* Assets.xcassets in Resources */,
				06B8EB93223919D70095DF83 /* Main.storyboard in Resources */,
			);
			runOnlyForDeploymentPostprocessing = 0;
		};
		06B8EB9C223919D80095DF83 /* Resources */ = {
			isa = PBXResourcesBuildPhase;
			buildActionMask = 2147483647;
			files = (
			);
			runOnlyForDeploymentPostprocessing = 0;
		};
		06B8EBA7223919D80095DF83 /* Resources */ = {
			isa = PBXResourcesBuildPhase;
			buildActionMask = 2147483647;
			files = (
			);
			runOnlyForDeploymentPostprocessing = 0;
		};
/* End PBXResourcesBuildPhase section */

/* Begin PBXShellScriptBuildPhase section */
		4771592B1FD9FE7A07C5B3A9 /* [CP] Check Pods Manifest.lock */ = {
			isa = PBXShellScriptBuildPhase;
			buildActionMask = 2147483647;
			files = (
			);
			inputFileListPaths = (
			);
			inputPaths = (
				"${PODS_PODFILE_DIR_PATH}/Podfile.lock",
				"${PODS_ROOT}/Manifest.lock",
			);
			name = "[CP] Check Pods Manifest.lock";
			outputFileListPaths = (
			);
			outputPaths = (
				"$(DERIVED_FILE_DIR)/Pods-currency-appUITests-checkManifestLockResult.txt",
			);
			runOnlyForDeploymentPostprocessing = 0;
			shellPath = /bin/sh;
			shellScript = "diff \"${PODS_PODFILE_DIR_PATH}/Podfile.lock\" \"${PODS_ROOT}/Manifest.lock\" > /dev/null\nif [ $? != 0 ] ; then\n    # print error to STDERR\n    echo \"error: The sandbox is not in sync with the Podfile.lock. Run 'pod install' or update your CocoaPods installation.\" >&2\n    exit 1\nfi\n# This output is used by Xcode 'outputs' to avoid re-running this script phase.\necho \"SUCCESS\" > \"${SCRIPT_OUTPUT_FILE_0}\"\n";
			showEnvVarsInLog = 0;
		};
		7F4794DA4B5BF86C91A4F97D /* [CP] Embed Pods Frameworks */ = {
			isa = PBXShellScriptBuildPhase;
			buildActionMask = 2147483647;
			files = (
			);
			inputFileListPaths = (
			);
			inputPaths = (
				"${PODS_ROOT}/Target Support Files/Pods-currency-app/Pods-currency-app-frameworks.sh",
				"${BUILT_PRODUCTS_DIR}/SwiftyJSON/SwiftyJSON.framework",
				"${BUILT_PRODUCTS_DIR}/iOSDropDown/iOSDropDown.framework",
			);
			name = "[CP] Embed Pods Frameworks";
			outputFileListPaths = (
			);
			outputPaths = (
				"${TARGET_BUILD_DIR}/${FRAMEWORKS_FOLDER_PATH}/SwiftyJSON.framework",
				"${TARGET_BUILD_DIR}/${FRAMEWORKS_FOLDER_PATH}/iOSDropDown.framework",
			);
			runOnlyForDeploymentPostprocessing = 0;
			shellPath = /bin/sh;
			shellScript = "\"${PODS_ROOT}/Target Support Files/Pods-currency-app/Pods-currency-app-frameworks.sh\"\n";
			showEnvVarsInLog = 0;
		};
		8BE7349995F18CF10A3B8F34 /* [CP] Check Pods Manifest.lock */ = {
			isa = PBXShellScriptBuildPhase;
			buildActionMask = 2147483647;
			files = (
			);
			inputFileListPaths = (
			);
			inputPaths = (
				"${PODS_PODFILE_DIR_PATH}/Podfile.lock",
				"${PODS_ROOT}/Manifest.lock",
			);
			name = "[CP] Check Pods Manifest.lock";
			outputFileListPaths = (
			);
			outputPaths = (
				"$(DERIVED_FILE_DIR)/Pods-currency-appTests-checkManifestLockResult.txt",
			);
			runOnlyForDeploymentPostprocessing = 0;
			shellPath = /bin/sh;
			shellScript = "diff \"${PODS_PODFILE_DIR_PATH}/Podfile.lock\" \"${PODS_ROOT}/Manifest.lock\" > /dev/null\nif [ $? != 0 ] ; then\n    # print error to STDERR\n    echo \"error: The sandbox is not in sync with the Podfile.lock. Run 'pod install' or update your CocoaPods installation.\" >&2\n    exit 1\nfi\n# This output is used by Xcode 'outputs' to avoid re-running this script phase.\necho \"SUCCESS\" > \"${SCRIPT_OUTPUT_FILE_0}\"\n";
			showEnvVarsInLog = 0;
		};
		9E77FA2AB9A1C1563DE9293A /* [CP] Check Pods Manifest.lock */ = {
			isa = PBXShellScriptBuildPhase;
			buildActionMask = 2147483647;
			files = (
			);
			inputFileListPaths = (
			);
			inputPaths = (
				"${PODS_PODFILE_DIR_PATH}/Podfile.lock",
				"${PODS_ROOT}/Manifest.lock",
			);
			name = "[CP] Check Pods Manifest.lock";
			outputFileListPaths = (
			);
			outputPaths = (
				"$(DERIVED_FILE_DIR)/Pods-currency-app-checkManifestLockResult.txt",
			);
			runOnlyForDeploymentPostprocessing = 0;
			shellPath = /bin/sh;
			shellScript = "diff \"${PODS_PODFILE_DIR_PATH}/Podfile.lock\" \"${PODS_ROOT}/Manifest.lock\" > /dev/null\nif [ $? != 0 ] ; then\n    # print error to STDERR\n    echo \"error: The sandbox is not in sync with the Podfile.lock. Run 'pod install' or update your CocoaPods installation.\" >&2\n    exit 1\nfi\n# This output is used by Xcode 'outputs' to avoid re-running this script phase.\necho \"SUCCESS\" > \"${SCRIPT_OUTPUT_FILE_0}\"\n";
			showEnvVarsInLog = 0;
		};
/* End PBXShellScriptBuildPhase section */

/* Begin PBXSourcesBuildPhase section */
		06B8EB86223919D60095DF83 /* Sources */ = {
			isa = PBXSourcesBuildPhase;
			buildActionMask = 2147483647;
			files = (
				4A0CB8032282D33E0001C1FD /* Validator.swift in Sources */,
				B2F282912254D0A60097BC43 /* Currency.swift in Sources */,
				06B8EB90223919D60095DF83 /* ViewController.swift in Sources */,
				06B8EB8E223919D60095DF83 /* AppDelegate.swift in Sources */,
			);
			runOnlyForDeploymentPostprocessing = 0;
		};
		06B8EB9A223919D80095DF83 /* Sources */ = {
			isa = PBXSourcesBuildPhase;
			buildActionMask = 2147483647;
			files = (
				06B8EBA3223919D80095DF83 /* currency_appTests.swift in Sources */,
			);
			runOnlyForDeploymentPostprocessing = 0;
		};
		06B8EBA5223919D80095DF83 /* Sources */ = {
			isa = PBXSourcesBuildPhase;
			buildActionMask = 2147483647;
			files = (
				06B8EBAE223919D80095DF83 /* currency_appUITests.swift in Sources */,
			);
			runOnlyForDeploymentPostprocessing = 0;
		};
/* End PBXSourcesBuildPhase section */

/* Begin PBXTargetDependency section */
		06B8EBA0223919D80095DF83 /* PBXTargetDependency */ = {
			isa = PBXTargetDependency;
			target = 06B8EB89223919D60095DF83 /* currency-app */;
			targetProxy = 06B8EB9F223919D80095DF83 /* PBXContainerItemProxy */;
		};
		06B8EBAB223919D80095DF83 /* PBXTargetDependency */ = {
			isa = PBXTargetDependency;
			target = 06B8EB89223919D60095DF83 /* currency-app */;
			targetProxy = 06B8EBAA223919D80095DF83 /* PBXContainerItemProxy */;
		};
/* End PBXTargetDependency section */

/* Begin PBXVariantGroup section */
		06B8EB91223919D70095DF83 /* Main.storyboard */ = {
			isa = PBXVariantGroup;
			children = (
				06B8EB92223919D70095DF83 /* Base */,
			);
			name = Main.storyboard;
			sourceTree = "<group>";
		};
		06B8EB96223919D80095DF83 /* LaunchScreen.storyboard */ = {
			isa = PBXVariantGroup;
			children = (
				06B8EB97223919D80095DF83 /* Base */,
			);
			name = LaunchScreen.storyboard;
			sourceTree = "<group>";
		};
/* End PBXVariantGroup section */

/* Begin XCBuildConfiguration section */
		06B8EBB0223919D80095DF83 /* Debug */ = {
			isa = XCBuildConfiguration;
			buildSettings = {
				ALWAYS_SEARCH_USER_PATHS = NO;
				CLANG_ANALYZER_NONNULL = YES;
				CLANG_ANALYZER_NUMBER_OBJECT_CONVERSION = YES_AGGRESSIVE;
				CLANG_CXX_LANGUAGE_STANDARD = "gnu++14";
				CLANG_CXX_LIBRARY = "libc++";
				CLANG_ENABLE_MODULES = YES;
				CLANG_ENABLE_OBJC_ARC = YES;
				CLANG_ENABLE_OBJC_WEAK = YES;
				CLANG_WARN_BLOCK_CAPTURE_AUTORELEASING = YES;
				CLANG_WARN_BOOL_CONVERSION = YES;
				CLANG_WARN_COMMA = YES;
				CLANG_WARN_CONSTANT_CONVERSION = YES;
				CLANG_WARN_DEPRECATED_OBJC_IMPLEMENTATIONS = YES;
				CLANG_WARN_DIRECT_OBJC_ISA_USAGE = YES_ERROR;
				CLANG_WARN_DOCUMENTATION_COMMENTS = YES;
				CLANG_WARN_EMPTY_BODY = YES;
				CLANG_WARN_ENUM_CONVERSION = YES;
				CLANG_WARN_INFINITE_RECURSION = YES;
				CLANG_WARN_INT_CONVERSION = YES;
				CLANG_WARN_NON_LITERAL_NULL_CONVERSION = YES;
				CLANG_WARN_OBJC_IMPLICIT_RETAIN_SELF = YES;
				CLANG_WARN_OBJC_LITERAL_CONVERSION = YES;
				CLANG_WARN_OBJC_ROOT_CLASS = YES_ERROR;
				CLANG_WARN_RANGE_LOOP_ANALYSIS = YES;
				CLANG_WARN_STRICT_PROTOTYPES = YES;
				CLANG_WARN_SUSPICIOUS_MOVE = YES;
				CLANG_WARN_UNGUARDED_AVAILABILITY = YES_AGGRESSIVE;
				CLANG_WARN_UNREACHABLE_CODE = YES;
				CLANG_WARN__DUPLICATE_METHOD_MATCH = YES;
				CODE_SIGN_IDENTITY = "iPhone Developer";
				COPY_PHASE_STRIP = NO;
				DEBUG_INFORMATION_FORMAT = dwarf;
				ENABLE_STRICT_OBJC_MSGSEND = YES;
				ENABLE_TESTABILITY = YES;
				GCC_C_LANGUAGE_STANDARD = gnu11;
				GCC_DYNAMIC_NO_PIC = NO;
				GCC_NO_COMMON_BLOCKS = YES;
				GCC_OPTIMIZATION_LEVEL = 0;
				GCC_PREPROCESSOR_DEFINITIONS = (
					"DEBUG=1",
					"$(inherited)",
				);
				GCC_WARN_64_TO_32_BIT_CONVERSION = YES;
				GCC_WARN_ABOUT_RETURN_TYPE = YES_ERROR;
				GCC_WARN_UNDECLARED_SELECTOR = YES;
				GCC_WARN_UNINITIALIZED_AUTOS = YES_AGGRESSIVE;
				GCC_WARN_UNUSED_FUNCTION = YES;
				GCC_WARN_UNUSED_VARIABLE = YES;
				IPHONEOS_DEPLOYMENT_TARGET = 12.0;
				MTL_ENABLE_DEBUG_INFO = INCLUDE_SOURCE;
				MTL_FAST_MATH = YES;
				ONLY_ACTIVE_ARCH = YES;
				SDKROOT = iphoneos;
				SWIFT_ACTIVE_COMPILATION_CONDITIONS = DEBUG;
				SWIFT_OPTIMIZATION_LEVEL = "-Onone";
			};
			name = Debug;
		};
		06B8EBB1223919D80095DF83 /* Release */ = {
			isa = XCBuildConfiguration;
			buildSettings = {
				ALWAYS_SEARCH_USER_PATHS = NO;
				CLANG_ANALYZER_NONNULL = YES;
				CLANG_ANALYZER_NUMBER_OBJECT_CONVERSION = YES_AGGRESSIVE;
				CLANG_CXX_LANGUAGE_STANDARD = "gnu++14";
				CLANG_CXX_LIBRARY = "libc++";
				CLANG_ENABLE_MODULES = YES;
				CLANG_ENABLE_OBJC_ARC = YES;
				CLANG_ENABLE_OBJC_WEAK = YES;
				CLANG_WARN_BLOCK_CAPTURE_AUTORELEASING = YES;
				CLANG_WARN_BOOL_CONVERSION = YES;
				CLANG_WARN_COMMA = YES;
				CLANG_WARN_CONSTANT_CONVERSION = YES;
				CLANG_WARN_DEPRECATED_OBJC_IMPLEMENTATIONS = YES;
				CLANG_WARN_DIRECT_OBJC_ISA_USAGE = YES_ERROR;
				CLANG_WARN_DOCUMENTATION_COMMENTS = YES;
				CLANG_WARN_EMPTY_BODY = YES;
				CLANG_WARN_ENUM_CONVERSION = YES;
				CLANG_WARN_INFINITE_RECURSION = YES;
				CLANG_WARN_INT_CONVERSION = YES;
				CLANG_WARN_NON_LITERAL_NULL_CONVERSION = YES;
				CLANG_WARN_OBJC_IMPLICIT_RETAIN_SELF = YES;
				CLANG_WARN_OBJC_LITERAL_CONVERSION = YES;
				CLANG_WARN_OBJC_ROOT_CLASS = YES_ERROR;
				CLANG_WARN_RANGE_LOOP_ANALYSIS = YES;
				CLANG_WARN_STRICT_PROTOTYPES = YES;
				CLANG_WARN_SUSPICIOUS_MOVE = YES;
				CLANG_WARN_UNGUARDED_AVAILABILITY = YES_AGGRESSIVE;
				CLANG_WARN_UNREACHABLE_CODE = YES;
				CLANG_WARN__DUPLICATE_METHOD_MATCH = YES;
				CODE_SIGN_IDENTITY = "iPhone Developer";
				COPY_PHASE_STRIP = NO;
				DEBUG_INFORMATION_FORMAT = "dwarf-with-dsym";
				ENABLE_NS_ASSERTIONS = NO;
				ENABLE_STRICT_OBJC_MSGSEND = YES;
				GCC_C_LANGUAGE_STANDARD = gnu11;
				GCC_NO_COMMON_BLOCKS = YES;
				GCC_WARN_64_TO_32_BIT_CONVERSION = YES;
				GCC_WARN_ABOUT_RETURN_TYPE = YES_ERROR;
				GCC_WARN_UNDECLARED_SELECTOR = YES;
				GCC_WARN_UNINITIALIZED_AUTOS = YES_AGGRESSIVE;
				GCC_WARN_UNUSED_FUNCTION = YES;
				GCC_WARN_UNUSED_VARIABLE = YES;
				IPHONEOS_DEPLOYMENT_TARGET = 12.0;
				MTL_ENABLE_DEBUG_INFO = NO;
				MTL_FAST_MATH = YES;
				SDKROOT = iphoneos;
				SWIFT_COMPILATION_MODE = wholemodule;
				SWIFT_OPTIMIZATION_LEVEL = "-O";
				VALIDATE_PRODUCT = YES;
			};
			name = Release;
		};
		06B8EBB3223919D80095DF83 /* Debug */ = {
			isa = XCBuildConfiguration;
			baseConfigurationReference = D1309BF639E20B3C696D6DC9 /* Pods-currency-app.debug.xcconfig */;
			buildSettings = {
				ASSETCATALOG_COMPILER_APPICON_NAME = AppIcon;
				CODE_SIGN_STYLE = Automatic;
				DEVELOPMENT_TEAM = HH8V4AZG83;
				INFOPLIST_FILE = "currency-app/Info.plist";
				IPHONEOS_DEPLOYMENT_TARGET = 10;
				LD_RUNPATH_SEARCH_PATHS = (
					"$(inherited)",
					"@executable_path/Frameworks",
				);
				PRODUCT_BUNDLE_IDENTIFIER = "rms.currency-app";
				PRODUCT_NAME = "$(TARGET_NAME)";
				SWIFT_VERSION = 4.2;
				TARGETED_DEVICE_FAMILY = "1,2";
			};
			name = Debug;
		};
		06B8EBB4223919D80095DF83 /* Release */ = {
			isa = XCBuildConfiguration;
			baseConfigurationReference = 745931DAC19E67B3D1052F5B /* Pods-currency-app.release.xcconfig */;
			buildSettings = {
				ASSETCATALOG_COMPILER_APPICON_NAME = AppIcon;
				CODE_SIGN_STYLE = Automatic;
				DEVELOPMENT_TEAM = HH8V4AZG83;
				INFOPLIST_FILE = "currency-app/Info.plist";
				IPHONEOS_DEPLOYMENT_TARGET = 10;
				LD_RUNPATH_SEARCH_PATHS = (
					"$(inherited)",
					"@executable_path/Frameworks",
				);
				PRODUCT_BUNDLE_IDENTIFIER = "rms.currency-app";
				PRODUCT_NAME = "$(TARGET_NAME)";
				SWIFT_VERSION = 4.2;
				TARGETED_DEVICE_FAMILY = "1,2";
			};
			name = Release;
		};
		06B8EBB6223919D80095DF83 /* Debug */ = {
			isa = XCBuildConfiguration;
			baseConfigurationReference = 499AAF74B646226DE7B24F33 /* Pods-currency-appTests.debug.xcconfig */;
			buildSettings = {
				ALWAYS_EMBED_SWIFT_STANDARD_LIBRARIES = YES;
				BUNDLE_LOADER = "$(TEST_HOST)";
				CODE_SIGN_STYLE = Automatic;
				DEVELOPMENT_TEAM = HH8V4AZG83;
				INFOPLIST_FILE = "currency-appTests/Info.plist";
				LD_RUNPATH_SEARCH_PATHS = (
					"$(inherited)",
					"@executable_path/Frameworks",
					"@loader_path/Frameworks",
				);
				PRODUCT_BUNDLE_IDENTIFIER = "rms.currency-appTests";
				PRODUCT_NAME = "$(TARGET_NAME)";
				SWIFT_VERSION = 4.2;
				TARGETED_DEVICE_FAMILY = "1,2";
				TEST_HOST = "$(BUILT_PRODUCTS_DIR)/currency-app.app/currency-app";
			};
			name = Debug;
		};
		06B8EBB7223919D80095DF83 /* Release */ = {
			isa = XCBuildConfiguration;
			baseConfigurationReference = 3526F1BAF366E950AF632E0B /* Pods-currency-appTests.release.xcconfig */;
			buildSettings = {
				ALWAYS_EMBED_SWIFT_STANDARD_LIBRARIES = YES;
				BUNDLE_LOADER = "$(TEST_HOST)";
				CODE_SIGN_STYLE = Automatic;
				DEVELOPMENT_TEAM = HH8V4AZG83;
				INFOPLIST_FILE = "currency-appTests/Info.plist";
				LD_RUNPATH_SEARCH_PATHS = (
					"$(inherited)",
					"@executable_path/Frameworks",
					"@loader_path/Frameworks",
				);
				PRODUCT_BUNDLE_IDENTIFIER = "rms.currency-appTests";
				PRODUCT_NAME = "$(TARGET_NAME)";
				SWIFT_VERSION = 4.2;
				TARGETED_DEVICE_FAMILY = "1,2";
				TEST_HOST = "$(BUILT_PRODUCTS_DIR)/currency-app.app/currency-app";
			};
			name = Release;
		};
		06B8EBB9223919D80095DF83 /* Debug */ = {
			isa = XCBuildConfiguration;
			baseConfigurationReference = 432B1B7D422DECAE2172F244 /* Pods-currency-appUITests.debug.xcconfig */;
			buildSettings = {
				ALWAYS_EMBED_SWIFT_STANDARD_LIBRARIES = YES;
				CODE_SIGN_STYLE = Automatic;
				DEVELOPMENT_TEAM = HH8V4AZG83;
				INFOPLIST_FILE = "currency-appUITests/Info.plist";
				LD_RUNPATH_SEARCH_PATHS = (
					"$(inherited)",
					"@executable_path/Frameworks",
					"@loader_path/Frameworks",
				);
				PRODUCT_BUNDLE_IDENTIFIER = "rms.currency-appUITests";
				PRODUCT_NAME = "$(TARGET_NAME)";
				SWIFT_VERSION = 4.2;
				TARGETED_DEVICE_FAMILY = "1,2";
				TEST_TARGET_NAME = "currency-app";
			};
			name = Debug;
		};
		06B8EBBA223919D80095DF83 /* Release */ = {
			isa = XCBuildConfiguration;
			baseConfigurationReference = 944400D93D6D275848C73E3A /* Pods-currency-appUITests.release.xcconfig */;
			buildSettings = {
				ALWAYS_EMBED_SWIFT_STANDARD_LIBRARIES = YES;
				CODE_SIGN_STYLE = Automatic;
				DEVELOPMENT_TEAM = HH8V4AZG83;
				INFOPLIST_FILE = "currency-appUITests/Info.plist";
				LD_RUNPATH_SEARCH_PATHS = (
					"$(inherited)",
					"@executable_path/Frameworks",
					"@loader_path/Frameworks",
				);
				PRODUCT_BUNDLE_IDENTIFIER = "rms.currency-appUITests";
				PRODUCT_NAME = "$(TARGET_NAME)";
				SWIFT_VERSION = 4.2;
				TARGETED_DEVICE_FAMILY = "1,2";
				TEST_TARGET_NAME = "currency-app";
			};
			name = Release;
		};
/* End XCBuildConfiguration section */

/* Begin XCConfigurationList section */
		06B8EB85223919D60095DF83 /* Build configuration list for PBXProject "currency-app" */ = {
			isa = XCConfigurationList;
			buildConfigurations = (
				06B8EBB0223919D80095DF83 /* Debug */,
				06B8EBB1223919D80095DF83 /* Release */,
			);
			defaultConfigurationIsVisible = 0;
			defaultConfigurationName = Release;
		};
		06B8EBB2223919D80095DF83 /* Build configuration list for PBXNativeTarget "currency-app" */ = {
			isa = XCConfigurationList;
			buildConfigurations = (
				06B8EBB3223919D80095DF83 /* Debug */,
				06B8EBB4223919D80095DF83 /* Release */,
			);
			defaultConfigurationIsVisible = 0;
			defaultConfigurationName = Release;
		};
		06B8EBB5223919D80095DF83 /* Build configuration list for PBXNativeTarget "currency-appTests" */ = {
			isa = XCConfigurationList;
			buildConfigurations = (
				06B8EBB6223919D80095DF83 /* Debug */,
				06B8EBB7223919D80095DF83 /* Release */,
			);
			defaultConfigurationIsVisible = 0;
			defaultConfigurationName = Release;
		};
		06B8EBB8223919D80095DF83 /* Build configuration list for PBXNativeTarget "currency-appUITests" */ = {
			isa = XCConfigurationList;
			buildConfigurations = (
				06B8EBB9223919D80095DF83 /* Debug */,
				06B8EBBA223919D80095DF83 /* Release */,
			);
			defaultConfigurationIsVisible = 0;
			defaultConfigurationName = Release;
		};
/* End XCConfigurationList section */
	};
	rootObject = 06B8EB82223919D60095DF83 /* Project object */;
}
